<?xml version="1.0" encoding="UTF-8"?>
<!DOCTYPE plist PUBLIC "-//Apple//DTD PLIST 1.0//EN" "http://www.apple.com/DTDs/PropertyList-1.0.dtd">
<plist version="1.0">
<dict>
	<key>archiveVersion</key>
	<string>1</string>
	<key>classes</key>
	<dict/>
	<key>objectVersion</key>
	<string>46</string>
	<key>objects</key>
	<dict>
		<key>010DEDCBB9E24555A5F8D015</key>
		<dict>
			<key>includeInIndex</key>
			<string>1</string>
			<key>isa</key>
			<string>PBXFileReference</string>
			<key>lastKnownFileType</key>
			<string>text.xcconfig</string>
			<key>name</key>
			<string>Pods-DXServiceTests.xcconfig</string>
			<key>path</key>
			<string>Pods/Pods-DXServiceTests.xcconfig</string>
			<key>sourceTree</key>
			<string>SOURCE_ROOT</string>
		</dict>
		<key>1D6A30CBA1719CB8D4BE6351</key>
		<dict>
			<key>fileRef</key>
			<string>1D6A39519E373CB773470AAA</string>
			<key>isa</key>
			<string>PBXBuildFile</string>
		</dict>
		<key>1D6A3146F5F6F4524C30D8C8</key>
		<dict>
			<key>fileEncoding</key>
			<string>4</string>
			<key>isa</key>
			<string>PBXFileReference</string>
			<key>lastKnownFileType</key>
			<string>sourcecode.c.objc</string>
			<key>path</key>
			<string>AsyncServiceSpec.m</string>
			<key>sourceTree</key>
			<string>&lt;group&gt;</string>
		</dict>
		<key>1D6A331822F0C5D7A0420D3D</key>
		<dict>
			<key>fileEncoding</key>
			<string>4</string>
			<key>isa</key>
			<string>PBXFileReference</string>
			<key>lastKnownFileType</key>
			<string>sourcecode.c.h</string>
			<key>path</key>
			<string>AsyncTaskServiceProvider.h</string>
			<key>sourceTree</key>
			<string>&lt;group&gt;</string>
		</dict>
		<key>1D6A33811AB219F0E93FF263</key>
		<dict>
			<key>fileEncoding</key>
			<string>4</string>
			<key>isa</key>
			<string>PBXFileReference</string>
			<key>lastKnownFileType</key>
			<string>sourcecode.c.h</string>
			<key>path</key>
			<string>AsyncTaskService.h</string>
			<key>sourceTree</key>
			<string>&lt;group&gt;</string>
		</dict>
		<key>1D6A3406BAFB70E982B8B29F</key>
		<dict>
			<key>fileRef</key>
			<string>1D6A37920B1AFC769FCAFAD9</string>
			<key>isa</key>
			<string>PBXBuildFile</string>
		</dict>
		<key>1D6A358D12BABA91609F8DF7</key>
		<dict>
			<key>children</key>
			<array>
				<string>1D6A37920B1AFC769FCAFAD9</string>
				<string>1D6A33811AB219F0E93FF263</string>
				<string>1D6A3E9770D101B6BB7516BC</string>
				<string>1D6A3C8A30506C15C7E960E2</string>
				<string>1D6A39519E373CB773470AAA</string>
				<string>1D6A331822F0C5D7A0420D3D</string>
				<string>1D6A3146F5F6F4524C30D8C8</string>
			</array>
			<key>isa</key>
			<string>PBXGroup</string>
			<key>path</key>
			<string>ExampleClasses</string>
			<key>sourceTree</key>
			<string>&lt;group&gt;</string>
		</dict>
		<key>1D6A37920B1AFC769FCAFAD9</key>
		<dict>
			<key>fileEncoding</key>
			<string>4</string>
			<key>isa</key>
			<string>PBXFileReference</string>
			<key>lastKnownFileType</key>
			<string>sourcecode.c.objc</string>
			<key>path</key>
			<string>AsyncTaskService.m</string>
			<key>sourceTree</key>
			<string>&lt;group&gt;</string>
		</dict>
		<key>1D6A39519E373CB773470AAA</key>
		<dict>
			<key>fileEncoding</key>
			<string>4</string>
			<key>isa</key>
			<string>PBXFileReference</string>
			<key>lastKnownFileType</key>
			<string>sourcecode.c.objc</string>
			<key>path</key>
			<string>AsyncTaskServiceProvider.m</string>
			<key>sourceTree</key>
			<string>&lt;group&gt;</string>
		</dict>
		<key>1D6A3AEA975AE964C82E0945</key>
		<dict>
			<key>fileRef</key>
			<string>1D6A3146F5F6F4524C30D8C8</string>
			<key>isa</key>
			<string>PBXBuildFile</string>
		</dict>
		<key>1D6A3C8A30506C15C7E960E2</key>
		<dict>
			<key>fileEncoding</key>
			<string>4</string>
			<key>isa</key>
			<string>PBXFileReference</string>
			<key>lastKnownFileType</key>
			<string>sourcecode.c.h</string>
			<key>path</key>
			<string>AsyncTaskIntent.h</string>
			<key>sourceTree</key>
			<string>&lt;group&gt;</string>
		</dict>
		<key>1D6A3CE647849AC7769C6896</key>
		<dict>
			<key>fileRef</key>
			<string>1D6A3E9770D101B6BB7516BC</string>
			<key>isa</key>
			<string>PBXBuildFile</string>
		</dict>
		<key>1D6A3E9770D101B6BB7516BC</key>
		<dict>
			<key>fileEncoding</key>
			<string>4</string>
			<key>isa</key>
			<string>PBXFileReference</string>
			<key>lastKnownFileType</key>
			<string>sourcecode.c.objc</string>
			<key>path</key>
			<string>AsyncTaskIntent.m</string>
			<key>sourceTree</key>
			<string>&lt;group&gt;</string>
		</dict>
		<key>1D6A3EF602627B2CC9CC1E32</key>
		<dict>
			<key>children</key>
			<array/>
			<key>isa</key>
			<string>PBXGroup</string>
			<key>path</key>
			<string>ExampleServiceSpecs</string>
			<key>sourceTree</key>
			<string>&lt;group&gt;</string>
		</dict>
		<key>3BBD4F55AD5840EC8A2C3C04</key>
		<dict>
			<key>includeInIndex</key>
			<string>1</string>
			<key>isa</key>
			<string>PBXFileReference</string>
			<key>lastKnownFileType</key>
			<string>text.xcconfig</string>
			<key>name</key>
			<string>Pods.xcconfig</string>
			<key>path</key>
			<string>Pods/Pods.xcconfig</string>
			<key>sourceTree</key>
			<string>SOURCE_ROOT</string>
		</dict>
		<key>5AE4CB1EBE344CE8BA844E95</key>
		<dict>
			<key>explicitFileType</key>
			<string>archive.ar</string>
			<key>includeInIndex</key>
			<string>0</string>
			<key>isa</key>
			<string>PBXFileReference</string>
			<key>name</key>
			<string>libPods.a</string>
			<key>path</key>
			<string>libPods.a</string>
			<key>sourceTree</key>
			<string>BUILT_PRODUCTS_DIR</string>
		</dict>
		<key>85C36987F8BC478E9339CF5E</key>
		<dict>
			<key>buildActionMask</key>
			<string>2147483647</string>
			<key>files</key>
			<array/>
			<key>inputPaths</key>
			<array/>
			<key>isa</key>
			<string>PBXShellScriptBuildPhase</string>
			<key>name</key>
			<string>Copy Pods Resources</string>
			<key>outputPaths</key>
			<array/>
			<key>runOnlyForDeploymentPostprocessing</key>
			<string>0</string>
			<key>shellPath</key>
			<string>/bin/sh</string>
			<key>shellScript</key>
			<string>"${SRCROOT}/Pods/Pods-resources.sh"
</string>
		</dict>
		<key>9B6F621CD7AE4E7BB3F73B53</key>
		<dict>
			<key>fileRef</key>
			<string>D846D8ACB4B54EC5A990EFBF</string>
			<key>isa</key>
			<string>PBXBuildFile</string>
		</dict>
		<key>A531971F99DB4F0A87CF0EF5</key>
		<dict>
			<key>buildActionMask</key>
			<string>2147483647</string>
			<key>files</key>
			<array/>
			<key>inputPaths</key>
			<array/>
			<key>isa</key>
			<string>PBXShellScriptBuildPhase</string>
			<key>name</key>
			<string>Copy Pods Resources</string>
			<key>outputPaths</key>
			<array/>
			<key>runOnlyForDeploymentPostprocessing</key>
			<string>0</string>
			<key>shellPath</key>
			<string>/bin/sh</string>
			<key>shellScript</key>
			<string>"${SRCROOT}/Pods/Pods-DXServiceTests-resources.sh"
</string>
		</dict>
		<key>AD2954211640602100CFA635</key>
		<dict>
			<key>isa</key>
			<string>PBXFileReference</string>
			<key>lastKnownFileType</key>
			<string>wrapper.framework</string>
			<key>name</key>
			<string>CoreGraphics.framework</string>
			<key>path</key>
			<string>System/Library/Frameworks/CoreGraphics.framework</string>
			<key>sourceTree</key>
			<string>SDKROOT</string>
		</dict>
		<key>AD29545A1640639600CFA635</key>
		<dict>
			<key>fileEncoding</key>
			<string>4</string>
			<key>isa</key>
			<string>PBXFileReference</string>
			<key>lastKnownFileType</key>
			<string>sourcecode.c.h</string>
			<key>path</key>
			<string>DXServiceProvider.h</string>
			<key>sourceTree</key>
			<string>&lt;group&gt;</string>
		</dict>
		<key>AD77742916407419007883AB</key>
		<dict>
			<key>fileEncoding</key>
			<string>4</string>
			<key>isa</key>
			<string>PBXFileReference</string>
			<key>lastKnownFileType</key>
			<string>sourcecode.c.objc</string>
			<key>path</key>
			<string>DXServiceIntentSpec.m</string>
			<key>sourceTree</key>
			<string>&lt;group&gt;</string>
		</dict>
		<key>AD77742A16407419007883AB</key>
		<dict>
			<key>fileRef</key>
			<string>AD77742916407419007883AB</string>
			<key>isa</key>
			<string>PBXBuildFile</string>
		</dict>
		<key>AD77742C16407846007883AB</key>
		<dict>
			<key>fileEncoding</key>
			<string>4</string>
			<key>isa</key>
			<string>PBXFileReference</string>
			<key>lastKnownFileType</key>
			<string>sourcecode.c.objc</string>
			<key>path</key>
			<string>DXServiceIntentProxySpec.m</string>
			<key>sourceTree</key>
			<string>&lt;group&gt;</string>
		</dict>
		<key>AD77742D16407846007883AB</key>
		<dict>
			<key>fileRef</key>
			<string>AD77742C16407846007883AB</string>
			<key>isa</key>
			<string>PBXBuildFile</string>
		</dict>
		<key>AD7A8C3B163D94EF005A42F6</key>
		<dict>
			<key>fileEncoding</key>
			<string>4</string>
			<key>isa</key>
			<string>PBXFileReference</string>
			<key>lastKnownFileType</key>
			<string>sourcecode.c.objc</string>
			<key>path</key>
			<string>DXServiceSpec.m</string>
			<key>sourceTree</key>
			<string>&lt;group&gt;</string>
		</dict>
		<key>AD7A8C3C163D94EF005A42F6</key>
		<dict>
			<key>fileRef</key>
			<string>AD7A8C3B163D94EF005A42F6</string>
			<key>isa</key>
			<string>PBXBuildFile</string>
		</dict>
		<key>AD978533163E6D4800360CFB</key>
		<dict>
			<key>fileEncoding</key>
			<string>4</string>
			<key>isa</key>
			<string>PBXFileReference</string>
			<key>lastKnownFileType</key>
			<string>sourcecode.c.h</string>
			<key>path</key>
			<string>DXServiceIntent.h</string>
			<key>sourceTree</key>
			<string>&lt;group&gt;</string>
		</dict>
		<key>AD978534163E6D4800360CFB</key>
		<dict>
			<key>fileEncoding</key>
			<string>4</string>
			<key>isa</key>
			<string>PBXFileReference</string>
			<key>lastKnownFileType</key>
			<string>sourcecode.c.objc</string>
			<key>path</key>
			<string>DXServiceIntent.m</string>
			<key>sourceTree</key>
			<string>&lt;group&gt;</string>
		</dict>
		<key>AD978535163E6D4800360CFB</key>
		<dict>
			<key>fileRef</key>
			<string>AD978534163E6D4800360CFB</string>
			<key>isa</key>
			<string>PBXBuildFile</string>
		</dict>
		<key>AD978537163E6D7600360CFB</key>
		<dict>
			<key>fileEncoding</key>
			<string>4</string>
			<key>isa</key>
			<string>PBXFileReference</string>
			<key>lastKnownFileType</key>
			<string>sourcecode.c.h</string>
			<key>path</key>
			<string>DXServiceIntentProxy.h</string>
			<key>sourceTree</key>
			<string>&lt;group&gt;</string>
		</dict>
		<key>AD978538163E6D7600360CFB</key>
		<dict>
			<key>fileEncoding</key>
			<string>4</string>
			<key>isa</key>
			<string>PBXFileReference</string>
			<key>lastKnownFileType</key>
			<string>sourcecode.c.objc</string>
			<key>path</key>
			<string>DXServiceIntentProxy.m</string>
			<key>sourceTree</key>
			<string>&lt;group&gt;</string>
		</dict>
		<key>AD978539163E6D7600360CFB</key>
		<dict>
			<key>fileRef</key>
			<string>AD978538163E6D7600360CFB</string>
			<key>isa</key>
			<string>PBXBuildFile</string>
		</dict>
		<key>ADD1470F163D9388009DF157</key>
		<dict>
			<key>children</key>
			<array>
				<string>ADD1471F163D9388009DF157</string>
				<string>ADD14734163D9388009DF157</string>
				<string>ADD1471C163D9388009DF157</string>
				<string>ADD1471B163D9388009DF157</string>
				<string>010DEDCBB9E24555A5F8D015</string>
				<string>3BBD4F55AD5840EC8A2C3C04</string>
			</array>
			<key>isa</key>
			<string>PBXGroup</string>
			<key>sourceTree</key>
			<string>&lt;group&gt;</string>
		</dict>
		<key>ADD14711163D9388009DF157</key>
		<dict>
			<key>attributes</key>
			<dict>
				<key>LastUpgradeCheck</key>
				<string>0450</string>
				<key>ORGANIZATIONNAME</key>
				<string>111Minutes</string>
			</dict>
			<key>buildConfigurationList</key>
			<string>ADD14714163D9388009DF157</string>
			<key>compatibilityVersion</key>
			<string>Xcode 3.2</string>
			<key>developmentRegion</key>
			<string>English</string>
			<key>hasScannedForEncodings</key>
			<string>0</string>
			<key>isa</key>
			<string>PBXProject</string>
			<key>knownRegions</key>
			<array>
				<string>en</string>
			</array>
			<key>mainGroup</key>
			<string>ADD1470F163D9388009DF157</string>
			<key>productRefGroup</key>
			<string>ADD1471B163D9388009DF157</string>
			<key>projectDirPath</key>
			<string></string>
			<key>projectRoot</key>
			<string></string>
			<key>targets</key>
			<array>
				<string>ADD14719163D9388009DF157</string>
				<string>ADD1472A163D9388009DF157</string>
			</array>
		</dict>
		<key>ADD14714163D9388009DF157</key>
		<dict>
			<key>buildConfigurations</key>
			<array>
				<string>ADD1473D163D9388009DF157</string>
				<string>ADD1473E163D9388009DF157</string>
			</array>
			<key>defaultConfigurationIsVisible</key>
			<string>0</string>
			<key>defaultConfigurationName</key>
			<string>Release</string>
			<key>isa</key>
			<string>XCConfigurationList</string>
		</dict>
		<key>ADD14716163D9388009DF157</key>
		<dict>
			<key>buildActionMask</key>
			<string>2147483647</string>
			<key>files</key>
			<array>
				<string>ADD14725163D9388009DF157</string>
				<string>AD978535163E6D4800360CFB</string>
				<string>AD978539163E6D7600360CFB</string>
			</array>
			<key>isa</key>
			<string>PBXSourcesBuildPhase</string>
			<key>runOnlyForDeploymentPostprocessing</key>
			<string>0</string>
		</dict>
		<key>ADD14717163D9388009DF157</key>
		<dict>
			<key>buildActionMask</key>
			<string>2147483647</string>
			<key>files</key>
			<array>
				<string>ADD1471E163D9388009DF157</string>
				<string>FF0C8ACAD53C4540A2B23FD0</string>
			</array>
			<key>isa</key>
			<string>PBXFrameworksBuildPhase</string>
			<key>runOnlyForDeploymentPostprocessing</key>
			<string>0</string>
		</dict>
		<key>ADD14718163D9388009DF157</key>
		<dict>
			<key>buildActionMask</key>
			<string>2147483647</string>
			<key>dstPath</key>
			<string>include/${PRODUCT_NAME}</string>
			<key>dstSubfolderSpec</key>
			<string>16</string>
			<key>files</key>
			<array>
				<string>ADD14723163D9388009DF157</string>
			</array>
			<key>isa</key>
			<string>PBXCopyFilesBuildPhase</string>
			<key>runOnlyForDeploymentPostprocessing</key>
			<string>0</string>
		</dict>
		<key>ADD14719163D9388009DF157</key>
		<dict>
			<key>buildConfigurationList</key>
			<string>ADD1473F163D9388009DF157</string>
			<key>buildPhases</key>
			<array>
				<string>ADD14716163D9388009DF157</string>
				<string>ADD14717163D9388009DF157</string>
				<string>ADD14718163D9388009DF157</string>
				<string>85C36987F8BC478E9339CF5E</string>
			</array>
			<key>buildRules</key>
			<array/>
			<key>dependencies</key>
			<array/>
			<key>isa</key>
			<string>PBXNativeTarget</string>
			<key>name</key>
			<string>DXService</string>
			<key>productName</key>
			<string>DXService</string>
			<key>productReference</key>
			<string>ADD1471A163D9388009DF157</string>
			<key>productType</key>
			<string>com.apple.product-type.library.static</string>
		</dict>
		<key>ADD1471A163D9388009DF157</key>
		<dict>
			<key>explicitFileType</key>
			<string>archive.ar</string>
			<key>includeInIndex</key>
			<string>0</string>
			<key>isa</key>
			<string>PBXFileReference</string>
			<key>name</key>
			<string>libDXService.a</string>
			<key>path</key>
			<string>libDXService.a</string>
			<key>sourceTree</key>
			<string>BUILT_PRODUCTS_DIR</string>
		</dict>
		<key>ADD1471B163D9388009DF157</key>
		<dict>
			<key>children</key>
			<array>
				<string>ADD1471A163D9388009DF157</string>
				<string>ADD1472B163D9388009DF157</string>
			</array>
			<key>isa</key>
			<string>PBXGroup</string>
			<key>name</key>
			<string>Products</string>
			<key>sourceTree</key>
			<string>&lt;group&gt;</string>
		</dict>
		<key>ADD1471C163D9388009DF157</key>
		<dict>
			<key>children</key>
			<array>
				<string>ADD1471D163D9388009DF157</string>
				<string>ADD1472C163D9388009DF157</string>
				<string>ADD1472E163D9388009DF157</string>
				<string>D846D8ACB4B54EC5A990EFBF</string>
				<string>AD2954211640602100CFA635</string>
				<string>5AE4CB1EBE344CE8BA844E95</string>
			</array>
			<key>isa</key>
			<string>PBXGroup</string>
			<key>name</key>
			<string>Frameworks</string>
			<key>sourceTree</key>
			<string>&lt;group&gt;</string>
		</dict>
		<key>ADD1471D163D9388009DF157</key>
		<dict>
			<key>includeInIndex</key>
			<string>1</string>
			<key>isa</key>
			<string>PBXFileReference</string>
			<key>lastKnownFileType</key>
			<string>wrapper.framework</string>
			<key>name</key>
			<string>Foundation.framework</string>
			<key>path</key>
			<string>System/Library/Frameworks/Foundation.framework</string>
			<key>sourceTree</key>
			<string>SDKROOT</string>
		</dict>
		<key>ADD1471E163D9388009DF157</key>
		<dict>
			<key>fileRef</key>
			<string>ADD1471D163D9388009DF157</string>
			<key>isa</key>
			<string>PBXBuildFile</string>
		</dict>
		<key>ADD1471F163D9388009DF157</key>
		<dict>
			<key>children</key>
			<array>
				<string>ADD14722163D9388009DF157</string>
				<string>ADD14724163D9388009DF157</string>
				<string>AD978533163E6D4800360CFB</string>
				<string>AD978534163E6D4800360CFB</string>
				<string>AD978537163E6D7600360CFB</string>
				<string>AD978538163E6D7600360CFB</string>
				<string>AD29545A1640639600CFA635</string>
				<string>ADD14720163D9388009DF157</string>
			</array>
			<key>isa</key>
			<string>PBXGroup</string>
			<key>path</key>
			<string>DXService</string>
			<key>sourceTree</key>
			<string>&lt;group&gt;</string>
		</dict>
		<key>ADD14720163D9388009DF157</key>
		<dict>
			<key>children</key>
			<array>
				<string>ADD14721163D9388009DF157</string>
			</array>
			<key>isa</key>
			<string>PBXGroup</string>
			<key>name</key>
			<string>Supporting Files</string>
			<key>sourceTree</key>
			<string>&lt;group&gt;</string>
		</dict>
		<key>ADD14721163D9388009DF157</key>
		<dict>
			<key>isa</key>
			<string>PBXFileReference</string>
			<key>lastKnownFileType</key>
			<string>sourcecode.c.h</string>
			<key>path</key>
			<string>DXService-Prefix.pch</string>
			<key>sourceTree</key>
			<string>&lt;group&gt;</string>
		</dict>
		<key>ADD14722163D9388009DF157</key>
		<dict>
			<key>isa</key>
			<string>PBXFileReference</string>
			<key>lastKnownFileType</key>
			<string>sourcecode.c.h</string>
			<key>path</key>
			<string>DXService.h</string>
			<key>sourceTree</key>
			<string>&lt;group&gt;</string>
		</dict>
		<key>ADD14723163D9388009DF157</key>
		<dict>
			<key>fileRef</key>
			<string>ADD14722163D9388009DF157</string>
			<key>isa</key>
			<string>PBXBuildFile</string>
		</dict>
		<key>ADD14724163D9388009DF157</key>
		<dict>
			<key>isa</key>
			<string>PBXFileReference</string>
			<key>lastKnownFileType</key>
			<string>sourcecode.c.objc</string>
			<key>path</key>
			<string>DXService.m</string>
			<key>sourceTree</key>
			<string>&lt;group&gt;</string>
		</dict>
		<key>ADD14725163D9388009DF157</key>
		<dict>
			<key>fileRef</key>
			<string>ADD14724163D9388009DF157</string>
			<key>isa</key>
			<string>PBXBuildFile</string>
		</dict>
		<key>ADD14726163D9388009DF157</key>
		<dict>
			<key>buildActionMask</key>
			<string>2147483647</string>
			<key>files</key>
			<array>
				<string>AD7A8C3C163D94EF005A42F6</string>
				<string>AD77742A16407419007883AB</string>
				<string>AD77742D16407846007883AB</string>
				<string>1D6A3406BAFB70E982B8B29F</string>
				<string>1D6A3CE647849AC7769C6896</string>
				<string>1D6A30CBA1719CB8D4BE6351</string>
				<string>1D6A3AEA975AE964C82E0945</string>
			</array>
			<key>isa</key>
			<string>PBXSourcesBuildPhase</string>
			<key>runOnlyForDeploymentPostprocessing</key>
			<string>0</string>
		</dict>
		<key>ADD14727163D9388009DF157</key>
		<dict>
			<key>buildActionMask</key>
			<string>2147483647</string>
			<key>files</key>
			<array>
				<string>ADD1472D163D9388009DF157</string>
				<string>ADD1472F163D9388009DF157</string>
				<string>ADD14730163D9388009DF157</string>
				<string>ADD14733163D9388009DF157</string>
				<string>9B6F621CD7AE4E7BB3F73B53</string>
			</array>
			<key>isa</key>
			<string>PBXFrameworksBuildPhase</string>
			<key>runOnlyForDeploymentPostprocessing</key>
			<string>0</string>
		</dict>
		<key>ADD14728163D9388009DF157</key>
		<dict>
			<key>buildActionMask</key>
			<string>2147483647</string>
			<key>files</key>
			<array>
				<string>ADD14739163D9388009DF157</string>
			</array>
			<key>isa</key>
			<string>PBXResourcesBuildPhase</string>
			<key>runOnlyForDeploymentPostprocessing</key>
			<string>0</string>
		</dict>
		<key>ADD14729163D9388009DF157</key>
		<dict>
			<key>buildActionMask</key>
			<string>2147483647</string>
			<key>files</key>
			<array/>
			<key>inputPaths</key>
			<array/>
			<key>isa</key>
			<string>PBXShellScriptBuildPhase</string>
			<key>outputPaths</key>
			<array/>
			<key>runOnlyForDeploymentPostprocessing</key>
			<string>0</string>
			<key>shellPath</key>
			<string>/bin/sh</string>
			<key>shellScript</key>
			<string># Run the unit tests in this test bundle.
"${SYSTEM_DEVELOPER_DIR}/Tools/RunUnitTests"
</string>
		</dict>
		<key>ADD1472A163D9388009DF157</key>
		<dict>
			<key>buildConfigurationList</key>
			<string>ADD14742163D9388009DF157</string>
			<key>buildPhases</key>
			<array>
				<string>ADD14726163D9388009DF157</string>
				<string>ADD14727163D9388009DF157</string>
				<string>ADD14728163D9388009DF157</string>
				<string>ADD14729163D9388009DF157</string>
				<string>A531971F99DB4F0A87CF0EF5</string>
			</array>
			<key>buildRules</key>
			<array/>
			<key>dependencies</key>
			<array>
				<string>ADD14732163D9388009DF157</string>
			</array>
			<key>isa</key>
			<string>PBXNativeTarget</string>
			<key>name</key>
			<string>DXServiceTests</string>
			<key>productName</key>
			<string>DXServiceTests</string>
			<key>productReference</key>
			<string>ADD1472B163D9388009DF157</string>
			<key>productType</key>
			<string>com.apple.product-type.bundle</string>
		</dict>
		<key>ADD1472B163D9388009DF157</key>
		<dict>
			<key>explicitFileType</key>
			<string>wrapper.cfbundle</string>
			<key>includeInIndex</key>
			<string>0</string>
			<key>isa</key>
			<string>PBXFileReference</string>
			<key>name</key>
			<string>DXServiceTests.octest</string>
			<key>path</key>
			<string>DXServiceTests.octest</string>
			<key>sourceTree</key>
			<string>BUILT_PRODUCTS_DIR</string>
		</dict>
		<key>ADD1472C163D9388009DF157</key>
		<dict>
			<key>includeInIndex</key>
			<string>1</string>
			<key>isa</key>
			<string>PBXFileReference</string>
			<key>lastKnownFileType</key>
			<string>wrapper.framework</string>
			<key>name</key>
			<string>SenTestingKit.framework</string>
			<key>path</key>
			<string>Library/Frameworks/SenTestingKit.framework</string>
			<key>sourceTree</key>
			<string>DEVELOPER_DIR</string>
		</dict>
		<key>ADD1472D163D9388009DF157</key>
		<dict>
			<key>fileRef</key>
			<string>ADD1472C163D9388009DF157</string>
			<key>isa</key>
			<string>PBXBuildFile</string>
		</dict>
		<key>ADD1472E163D9388009DF157</key>
		<dict>
			<key>includeInIndex</key>
			<string>1</string>
			<key>isa</key>
			<string>PBXFileReference</string>
			<key>lastKnownFileType</key>
			<string>wrapper.framework</string>
			<key>name</key>
			<string>UIKit.framework</string>
			<key>path</key>
			<string>Library/Frameworks/UIKit.framework</string>
			<key>sourceTree</key>
			<string>DEVELOPER_DIR</string>
		</dict>
		<key>ADD1472F163D9388009DF157</key>
		<dict>
			<key>fileRef</key>
			<string>ADD1472E163D9388009DF157</string>
			<key>isa</key>
			<string>PBXBuildFile</string>
		</dict>
		<key>ADD14730163D9388009DF157</key>
		<dict>
			<key>fileRef</key>
			<string>ADD1471D163D9388009DF157</string>
			<key>isa</key>
			<string>PBXBuildFile</string>
		</dict>
		<key>ADD14731163D9388009DF157</key>
		<dict>
			<key>containerPortal</key>
			<string>ADD14711163D9388009DF157</string>
			<key>isa</key>
			<string>PBXContainerItemProxy</string>
			<key>proxyType</key>
			<string>1</string>
			<key>remoteGlobalIDString</key>
			<string>ADD14719163D9388009DF157</string>
			<key>remoteInfo</key>
			<string>DXService</string>
		</dict>
		<key>ADD14732163D9388009DF157</key>
		<dict>
			<key>isa</key>
			<string>PBXTargetDependency</string>
			<key>target</key>
			<string>ADD14719163D9388009DF157</string>
			<key>targetProxy</key>
			<string>ADD14731163D9388009DF157</string>
		</dict>
		<key>ADD14733163D9388009DF157</key>
		<dict>
			<key>fileRef</key>
			<string>ADD1471A163D9388009DF157</string>
			<key>isa</key>
			<string>PBXBuildFile</string>
		</dict>
		<key>ADD14734163D9388009DF157</key>
		<dict>
			<key>children</key>
			<array>
				<string>ADD14735163D9388009DF157</string>
				<string>AD7A8C3B163D94EF005A42F6</string>
				<string>AD77742916407419007883AB</string>
				<string>AD77742C16407846007883AB</string>
				<string>1D6A358D12BABA91609F8DF7</string>
				<string>1D6A3EF602627B2CC9CC1E32</string>
			</array>
			<key>isa</key>
			<string>PBXGroup</string>
			<key>path</key>
			<string>DXServiceTests</string>
			<key>sourceTree</key>
			<string>&lt;group&gt;</string>
		</dict>
		<key>ADD14735163D9388009DF157</key>
		<dict>
			<key>children</key>
			<array>
				<string>ADD14736163D9388009DF157</string>
				<string>ADD14737163D9388009DF157</string>
			</array>
			<key>isa</key>
			<string>PBXGroup</string>
			<key>name</key>
			<string>Supporting Files</string>
			<key>sourceTree</key>
			<string>&lt;group&gt;</string>
		</dict>
		<key>ADD14736163D9388009DF157</key>
		<dict>
			<key>isa</key>
			<string>PBXFileReference</string>
			<key>lastKnownFileType</key>
			<string>text.plist.xml</string>
			<key>path</key>
			<string>DXServiceTests-Info.plist</string>
			<key>sourceTree</key>
			<string>&lt;group&gt;</string>
		</dict>
		<key>ADD14737163D9388009DF157</key>
		<dict>
			<key>children</key>
			<array>
				<string>ADD14738163D9388009DF157</string>
			</array>
			<key>isa</key>
			<string>PBXVariantGroup</string>
			<key>name</key>
			<string>InfoPlist.strings</string>
			<key>sourceTree</key>
			<string>&lt;group&gt;</string>
		</dict>
		<key>ADD14738163D9388009DF157</key>
		<dict>
			<key>isa</key>
			<string>PBXFileReference</string>
			<key>lastKnownFileType</key>
			<string>text.plist.strings</string>
			<key>name</key>
			<string>en</string>
			<key>path</key>
			<string>en.lproj/InfoPlist.strings</string>
			<key>sourceTree</key>
			<string>&lt;group&gt;</string>
		</dict>
		<key>ADD14739163D9388009DF157</key>
		<dict>
			<key>fileRef</key>
			<string>ADD14737163D9388009DF157</string>
			<key>isa</key>
			<string>PBXBuildFile</string>
		</dict>
		<key>ADD1473D163D9388009DF157</key>
		<dict>
			<key>buildSettings</key>
			<dict>
				<key>ALWAYS_SEARCH_USER_PATHS</key>
				<string>NO</string>
				<key>CLANG_CXX_LANGUAGE_STANDARD</key>
				<string>gnu++0x</string>
				<key>CLANG_CXX_LIBRARY</key>
				<string>libc++</string>
				<key>CLANG_ENABLE_OBJC_ARC</key>
				<string>YES</string>
				<key>CLANG_WARN_EMPTY_BODY</key>
				<string>YES</string>
				<key>CLANG_WARN__DUPLICATE_METHOD_MATCH</key>
				<string>YES</string>
				<key>COPY_PHASE_STRIP</key>
				<string>NO</string>
				<key>GCC_C_LANGUAGE_STANDARD</key>
				<string>gnu99</string>
				<key>GCC_DYNAMIC_NO_PIC</key>
				<string>NO</string>
				<key>GCC_OPTIMIZATION_LEVEL</key>
				<string>0</string>
				<key>GCC_PREPROCESSOR_DEFINITIONS</key>
				<array>
					<string>DEBUG=1</string>
					<string>$(inherited)</string>
				</array>
				<key>GCC_SYMBOLS_PRIVATE_EXTERN</key>
				<string>NO</string>
				<key>GCC_WARN_ABOUT_RETURN_TYPE</key>
				<string>YES</string>
				<key>GCC_WARN_UNINITIALIZED_AUTOS</key>
				<string>YES</string>
				<key>GCC_WARN_UNUSED_VARIABLE</key>
				<string>YES</string>
				<key>IPHONEOS_DEPLOYMENT_TARGET</key>
				<string>6.0</string>
				<key>ONLY_ACTIVE_ARCH</key>
				<string>YES</string>
				<key>SDKROOT</key>
				<string>iphoneos</string>
			</dict>
			<key>isa</key>
			<string>XCBuildConfiguration</string>
			<key>name</key>
			<string>Debug</string>
		</dict>
		<key>ADD1473E163D9388009DF157</key>
		<dict>
			<key>buildSettings</key>
			<dict>
				<key>ALWAYS_SEARCH_USER_PATHS</key>
				<string>NO</string>
				<key>CLANG_CXX_LANGUAGE_STANDARD</key>
				<string>gnu++0x</string>
				<key>CLANG_CXX_LIBRARY</key>
				<string>libc++</string>
				<key>CLANG_ENABLE_OBJC_ARC</key>
				<string>YES</string>
				<key>CLANG_WARN_EMPTY_BODY</key>
				<string>YES</string>
				<key>CLANG_WARN__DUPLICATE_METHOD_MATCH</key>
				<string>YES</string>
				<key>COPY_PHASE_STRIP</key>
				<string>YES</string>
				<key>GCC_C_LANGUAGE_STANDARD</key>
				<string>gnu99</string>
				<key>GCC_WARN_ABOUT_RETURN_TYPE</key>
				<string>YES</string>
				<key>GCC_WARN_UNINITIALIZED_AUTOS</key>
				<string>YES</string>
				<key>GCC_WARN_UNUSED_VARIABLE</key>
				<string>YES</string>
				<key>IPHONEOS_DEPLOYMENT_TARGET</key>
				<string>6.0</string>
				<key>SDKROOT</key>
				<string>iphoneos</string>
				<key>VALIDATE_PRODUCT</key>
				<string>YES</string>
			</dict>
			<key>isa</key>
			<string>XCBuildConfiguration</string>
			<key>name</key>
			<string>Release</string>
		</dict>
		<key>ADD1473F163D9388009DF157</key>
		<dict>
			<key>buildConfigurations</key>
			<array>
				<string>ADD14740163D9388009DF157</string>
				<string>ADD14741163D9388009DF157</string>
			</array>
			<key>defaultConfigurationIsVisible</key>
			<string>0</string>
			<key>defaultConfigurationName</key>
			<string>Release</string>
			<key>isa</key>
			<string>XCConfigurationList</string>
		</dict>
		<key>ADD14740163D9388009DF157</key>
		<dict>
			<key>baseConfigurationReference</key>
			<string>3BBD4F55AD5840EC8A2C3C04</string>
			<key>buildSettings</key>
			<dict>
				<key>DSTROOT</key>
				<string>/tmp/DXService.dst</string>
				<key>GCC_PRECOMPILE_PREFIX_HEADER</key>
				<string>YES</string>
				<key>GCC_PREFIX_HEADER</key>
				<string>DXService/DXService-Prefix.pch</string>
				<key>OTHER_LDFLAGS</key>
				<string>-ObjC</string>
				<key>PRODUCT_NAME</key>
				<string>$(TARGET_NAME)</string>
				<key>SKIP_INSTALL</key>
				<string>YES</string>
			</dict>
			<key>isa</key>
			<string>XCBuildConfiguration</string>
			<key>name</key>
			<string>Debug</string>
		</dict>
		<key>ADD14741163D9388009DF157</key>
		<dict>
			<key>baseConfigurationReference</key>
			<string>3BBD4F55AD5840EC8A2C3C04</string>
			<key>buildSettings</key>
			<dict>
				<key>DSTROOT</key>
				<string>/tmp/DXService.dst</string>
				<key>GCC_PRECOMPILE_PREFIX_HEADER</key>
				<string>YES</string>
				<key>GCC_PREFIX_HEADER</key>
				<string>DXService/DXService-Prefix.pch</string>
				<key>OTHER_LDFLAGS</key>
				<string>-ObjC</string>
				<key>PRODUCT_NAME</key>
				<string>$(TARGET_NAME)</string>
				<key>SKIP_INSTALL</key>
				<string>YES</string>
			</dict>
			<key>isa</key>
			<string>XCBuildConfiguration</string>
			<key>name</key>
			<string>Release</string>
		</dict>
		<key>ADD14742163D9388009DF157</key>
		<dict>
			<key>buildConfigurations</key>
			<array>
				<string>ADD14743163D9388009DF157</string>
				<string>ADD14744163D9388009DF157</string>
			</array>
			<key>defaultConfigurationIsVisible</key>
			<string>0</string>
			<key>defaultConfigurationName</key>
			<string>Release</string>
			<key>isa</key>
			<string>XCConfigurationList</string>
		</dict>
		<key>ADD14743163D9388009DF157</key>
		<dict>
			<key>baseConfigurationReference</key>
			<string>010DEDCBB9E24555A5F8D015</string>
			<key>buildSettings</key>
			<dict>
				<key>FRAMEWORK_SEARCH_PATHS</key>
				<array>
					<string>"$(SDKROOT)/Developer/Library/Frameworks"</string>
					<string>"$(DEVELOPER_LIBRARY_DIR)/Frameworks"</string>
				</array>
				<key>GCC_PRECOMPILE_PREFIX_HEADER</key>
				<string>YES</string>
				<key>GCC_PREFIX_HEADER</key>
				<string>DXService/DXService-Prefix.pch</string>
				<key>INFOPLIST_FILE</key>
				<string>DXServiceTests/DXServiceTests-Info.plist</string>
				<key>PRODUCT_NAME</key>
				<string>$(TARGET_NAME)</string>
				<key>WRAPPER_EXTENSION</key>
				<string>octest</string>
			</dict>
			<key>isa</key>
			<string>XCBuildConfiguration</string>
			<key>name</key>
			<string>Debug</string>
		</dict>
		<key>ADD14744163D9388009DF157</key>
		<dict>
			<key>baseConfigurationReference</key>
			<string>010DEDCBB9E24555A5F8D015</string>
			<key>buildSettings</key>
			<dict>
				<key>FRAMEWORK_SEARCH_PATHS</key>
				<array>
					<string>"$(SDKROOT)/Developer/Library/Frameworks"</string>
					<string>"$(DEVELOPER_LIBRARY_DIR)/Frameworks"</string>
				</array>
				<key>GCC_PRECOMPILE_PREFIX_HEADER</key>
				<string>YES</string>
				<key>GCC_PREFIX_HEADER</key>
				<string>DXService/DXService-Prefix.pch</string>
				<key>INFOPLIST_FILE</key>
				<string>DXServiceTests/DXServiceTests-Info.plist</string>
				<key>PRODUCT_NAME</key>
				<string>$(TARGET_NAME)</string>
				<key>WRAPPER_EXTENSION</key>
				<string>octest</string>
			</dict>
			<key>isa</key>
			<string>XCBuildConfiguration</string>
			<key>name</key>
			<string>Release</string>
		</dict>
		<key>D846D8ACB4B54EC5A990EFBF</key>
		<dict>
			<key>explicitFileType</key>
			<string>archive.ar</string>
			<key>includeInIndex</key>
			<string>0</string>
			<key>isa</key>
			<string>PBXFileReference</string>
			<key>path</key>
			<string>libPods-DXServiceTests.a</string>
			<key>sourceTree</key>
			<string>BUILT_PRODUCTS_DIR</string>
		</dict>
		<key>FF0C8ACAD53C4540A2B23FD0</key>
		<dict>
			<key>fileRef</key>
			<string>5AE4CB1EBE344CE8BA844E95</string>
			<key>isa</key>
			<string>PBXBuildFile</string>
		</dict>
	</dict>
	<key>rootObject</key>
	<string>ADD14711163D9388009DF157</string>
</dict>
</plist>
